{
  "name": "filesreading",
  "version": "1.0.0",
  "lockfileVersion": 2,
  "requires": true,
  "packages": {
    "": {
      "name": "filesreading",
      "version": "1.0.0",
      "license": "ISC",
      "dependencies": {
        "fs": "^0.0.1-security",
        "nodeman": "^1.1.2",
        "word-count": "^0.2.2"
      }
    },
    "node_modules/colors": {
      "version": "1.4.0",
      "resolved": "https://registry.npmjs.org/colors/-/colors-1.4.0.tgz",
      "integrity": "sha512-a+UqTh4kgZg/SlGvfbzDHpgRu7AAQOmmqRHJnxhRZICKFUT91brVhNNt58CMWU9PsBbv3PDCZUHbVxuDiH2mtA==",
      "engines": {
        "node": ">=0.1.90"
      }
    },
    "node_modules/fs": {
      "version": "0.0.1-security",
      "resolved": "https://registry.npmjs.org/fs/-/fs-0.0.1-security.tgz",
      "integrity": "sha512-3XY9e1pP0CVEUCdj5BmfIZxRBTSDycnbqhIOGec9QYtmVH2fbLpj86CFWkrNOkt/Fvty4KZG5lTglL9j/gJ87w=="
    },
    "node_modules/nodeman": {
      "version": "1.1.2",
      "resolved": "https://registry.npmjs.org/nodeman/-/nodeman-1.1.2.tgz",
      "integrity": "sha512-RpRpDnMI4TN/EPX6+my7f02585I14AQO8YrHTkO1aTiC65+sMa5G3NwQplN6kwue1njxWiaSz2UwCnDbwkLgeQ==",
      "dependencies": {
        "colors": "*"
      },
      "bin": {
        "_nodeman": "bin/_nodeman",
        "nodeman": "bin/nodeman"
      },
      "engines": {
        "node": "*"
      }
    },
    "node_modules/word-count": {
      "version": "0.2.2",
      "resolved": "https://registry.npmjs.org/word-count/-/word-count-0.2.2.tgz",
      "integrity": "sha512-tPRTbQ+nTCPY3F0z1f/y0PX22ScE6l/4/8j9KqA3h77JhlZ/w6cbVS8LIO5Pq/aV96SWBOoiE2IEgzxF0Cn+kA=="
    }
  },
  "dependencies": {
    "colors": {
      "version": "1.4.0",
      "resolved": "https://registry.npmjs.org/colors/-/colors-1.4.0.tgz",
      "integrity": "sha512-a+UqTh4kgZg/SlGvfbzDHpgRu7AAQOmmqRHJnxhRZICKFUT91brVhNNt58CMWU9PsBbv3PDCZUHbVxuDiH2mtA=="
    },
    "fs": {
      "version": "0.0.1-security",
      "resolved": "https://registry.npmjs.org/fs/-/fs-0.0.1-security.tgz",
      "integrity": "sha512-3XY9e1pP0CVEUCdj5BmfIZxRBTSDycnbqhIOGec9QYtmVH2fbLpj86CFWkrNOkt/Fvty4KZG5lTglL9j/gJ87w=="
    },
    "nodeman": {
      "version": "1.1.2",
      "resolved": "https://registry.npmjs.org/nodeman/-/nodeman-1.1.2.tgz",
      "integrity": "sha512-RpRpDnMI4TN/EPX6+my7f02585I14AQO8YrHTkO1aTiC65+sMa5G3NwQplN6kwue1njxWiaSz2UwCnDbwkLgeQ==",
      "requires": {
        "colors": "*"
      }
    },
    "word-count": {
      "version": "0.2.2",
      "resolved": "https://registry.npmjs.org/word-count/-/word-count-0.2.2.tgz",
      "integrity": "sha512-tPRTbQ+nTCPY3F0z1f/y0PX22ScE6l/4/8j9KqA3h77JhlZ/w6cbVS8LIO5Pq/aV96SWBOoiE2IEgzxF0Cn+kA=="
    }
  }
}
